
Microsoft Visual Studio Solution File, Format Version 12.00
# Visual Studio 15
VisualStudioVersion = 15.0.27703.2026
MinimumVisualStudioVersion = 10.0.40219.1
Project("{FAE04EC0-301F-11D3-BF4B-00C04F79EFBC}") = "Task1", "Task1\Task1.csproj", "{BD010D12-C0F8-47F1-9691-4B9AED7EDFFB}"
EndProject
Global
	GlobalSection(SolutionConfigurationPlatforms) = preSolution
		Debug|Any CPU = Debug|Any CPU
		Release|Any CPU = Release|Any CPU
	EndGlobalSection
	GlobalSection(ProjectConfigurationPlatforms) = postSolution
		{BD010D12-C0F8-47F1-9691-4B9AED7EDFFB}.Debug|Any CPU.ActiveCfg = Debug|Any CPU
		{BD010D12-C0F8-47F1-9691-4B9AED7EDFFB}.Debug|Any CPU.Build.0 = Debug|Any CPU
		{BD010D12-C0F8-47F1-9691-4B9AED7EDFFB}.Release|Any CPU.ActiveCfg = Release|Any CPU
		{BD010D12-C0F8-47F1-9691-4B9AED7EDFFB}.Release|Any CPU.Build.0 = Release|Any CPU
	EndGlobalSection
	GlobalSection(SolutionProperties) = preSolution
		HideSolutionNode = FALSE
	EndGlobalSection
	GlobalSection(ExtensibilityGlobals) = postSolution
		SolutionGuid = {4254E7CD-F793-4955-8BFE-0DB5942E8D80}
	EndGlobalSection
EndGlobal
